
Microsoft Visual Studio Solution File, Format Version 12.00
# Visual Studio Version 16
VisualStudioVersion = 16.0.31911.196
MinimumVisualStudioVersion = 10.0.40219.1
Project("{FAE04EC0-301F-11D3-BF4B-00C04F79EFBC}") = "FootballBetting", "FootballBetting\FootballBetting.csproj", "{82E7EA76-8848-4BF3-BB58-DC9D337D5113}"
EndProject
Global
	GlobalSection(SolutionConfigurationPlatforms) = preSolution
		Debug|Any CPU = Debug|Any CPU
		Release|Any CPU = Release|Any CPU
	EndGlobalSection
	GlobalSection(ProjectConfigurationPlatforms) = postSolution
		{82E7EA76-8848-4BF3-BB58-DC9D337D5113}.Debug|Any CPU.ActiveCfg = Debug|Any CPU
		{82E7EA76-8848-4BF3-BB58-DC9D337D5113}.Debug|Any CPU.Build.0 = Debug|Any CPU
		{82E7EA76-8848-4BF3-BB58-DC9D337D5113}.Release|Any CPU.ActiveCfg = Release|Any CPU
		{82E7EA76-8848-4BF3-BB58-DC9D337D5113}.Release|Any CPU.Build.0 = Release|Any CPU
	EndGlobalSection
	GlobalSection(SolutionProperties) = preSolution
		HideSolutionNode = FALSE
	EndGlobalSection
	GlobalSection(ExtensibilityGlobals) = postSolution
		SolutionGuid = {E02156F9-FD9B-41CD-BDD4-3733FA875B12}
	EndGlobalSection
EndGlobal
